
Microsoft Visual Studio Solution File, Format Version 12.00
# Visual Studio Version 18
VisualStudioVersion = 18.1.11312.151
MinimumVisualStudioVersion = 10.0.40219.1
Project("{FAE04EC0-301F-11D3-BF4B-00C04F79EFBC}") = "JFlightShaker", "JFlightShaker.csproj", "{3AA6B249-BEB1-4566-ADB7-6D92FC06813B}"
EndProject
Global
	GlobalSection(SolutionConfigurationPlatforms) = preSolution
		Debug|Any CPU = Debug|Any CPU
		Release|Any CPU = Release|Any CPU
	EndGlobalSection
	GlobalSection(ProjectConfigurationPlatforms) = postSolution
		{3AA6B249-BEB1-4566-ADB7-6D92FC06813B}.Debug|Any CPU.ActiveCfg = Debug|Any CPU
		{3AA6B249-BEB1-4566-ADB7-6D92FC06813B}.Debug|Any CPU.Build.0 = Debug|Any CPU
		{3AA6B249-BEB1-4566-ADB7-6D92FC06813B}.Release|Any CPU.ActiveCfg = Release|Any CPU
		{3AA6B249-BEB1-4566-ADB7-6D92FC06813B}.Release|Any CPU.Build.0 = Release|Any CPU
	EndGlobalSection
	GlobalSection(SolutionProperties) = preSolution
		HideSolutionNode = FALSE
	EndGlobalSection
	GlobalSection(ExtensibilityGlobals) = postSolution
		SolutionGuid = {110375F3-E149-45A1-9133-24416124D357}
	EndGlobalSection
EndGlobal
